Microsoft Visual Studio Solution File, Format Version 12.00
# Visual Studio Version 17
VisualStudioVersion = 17.6.33829.357
MinimumVisualStudioVersion = 10.0.40219.1
Project("{9A19103F-16F7-4668-BE54-9A1E7A4F7556}") = "PingTool.NET", "PingTool.NET\PingTool.NET.csproj", "{B0C9B938-399F-44B3-9BD6-9B318754076A}"
EndProject
Global
	GlobalSection(SolutionConfigurationPlatforms) = preSolution
		Debug|Any CPU = Debug|Any CPU
		Release|Any CPU = Release|Any CPU
	EndGlobalSection
	GlobalSection(ProjectConfigurationPlatforms) = postSolution
		{B0C9B938-399F-44B3-9BD6-9B318754076A}.Debug|Any CPU.ActiveCfg = Debug|Any CPU
		{B0C9B938-399F-44B3-9BD6-9B318754076A}.Debug|Any CPU.Build.0 = Debug|Any CPU
		{B0C9B938-399F-44B3-9BD6-9B318754076A}.Release|Any CPU.ActiveCfg = Release|Any CPU
		{B0C9B938-399F-44B3-9BD6-9B318754076A}.Release|Any CPU.Build.0 = Release|Any CPU
	EndGlobalSection
	GlobalSection(SolutionProperties) = preSolution
		HideSolutionNode = FALSE
	EndGlobalSection
	GlobalSection(ExtensibilityGlobals) = postSolution
		SolutionGuid = {B2A14EE4-855F-4EE1-9C97-0DC3D45B18EC}
	EndGlobalSection
EndGlobal
